// !$*UTF8*$!
{
	archiveVersion = 1;
	classes = {
	};
	objectVersion = 46;
	objects = {

/* Begin PBXBuildFile section */
		1DD21402DA401646A9C47138 /* Pods_MovieApp.framework in Frameworks */ = {isa = PBXBuildFile; fileRef = 0082642DD068163DDBB17928 /* Pods_MovieApp.framework */; };
		322D2788D0BEA46D84C73489 /* Pods_MovieAppTests.framework in Frameworks */ = {isa = PBXBuildFile; fileRef = 588859E2B570D7070B722CC5 /* Pods_MovieAppTests.framework */; };
		3A66F8EC1EE7DB1A00FF3EFE /* ChangePasswordController.swift in Sources */ = {isa = PBXBuildFile; fileRef = 3A66F8EB1EE7DB1A00FF3EFE /* ChangePasswordController.swift */; };
		3AF7D2D81ED96BF8001DF490 /* AppDelegate.swift in Sources */ = {isa = PBXBuildFile; fileRef = 3AF7D2D71ED96BF8001DF490 /* AppDelegate.swift */; };
		3AF7D2DD1ED96BF8001DF490 /* Main.storyboard in Resources */ = {isa = PBXBuildFile; fileRef = 3AF7D2DB1ED96BF8001DF490 /* Main.storyboard */; };
		3AF7D2E01ED96BF8001DF490 /* MovieApp.xcdatamodeld in Sources */ = {isa = PBXBuildFile; fileRef = 3AF7D2DE1ED96BF8001DF490 /* MovieApp.xcdatamodeld */; };
		3AF7D2E21ED96BF8001DF490 /* Assets.xcassets in Resources */ = {isa = PBXBuildFile; fileRef = 3AF7D2E11ED96BF8001DF490 /* Assets.xcassets */; };
		3AF7D2F01ED96BF8001DF490 /* MovieAppTests.swift in Sources */ = {isa = PBXBuildFile; fileRef = 3AF7D2EF1ED96BF8001DF490 /* MovieAppTests.swift */; };
		3AF7D2FB1ED96BF8001DF490 /* MovieAppUITests.swift in Sources */ = {isa = PBXBuildFile; fileRef = 3AF7D2FA1ED96BF8001DF490 /* MovieAppUITests.swift */; };
		6207DB851F09201D00DB321F /* Ticket.swift in Sources */ = {isa = PBXBuildFile; fileRef = 6207DB841F09201D00DB321F /* Ticket.swift */; };
		6207DB871F09207300DB321F /* TicketController.swift in Sources */ = {isa = PBXBuildFile; fileRef = 6207DB861F09207300DB321F /* TicketController.swift */; };
		620C2E5F1F0A626600DEDDBB /* NotUse.swift in Sources */ = {isa = PBXBuildFile; fileRef = 620C2E5E1F0A626600DEDDBB /* NotUse.swift */; };
		620C2E611F0A6F0C00DEDDBB /* Reachability.swift in Sources */ = {isa = PBXBuildFile; fileRef = 620C2E601F0A6F0C00DEDDBB /* Reachability.swift */; };
		621741571F0AAC8900F419B5 /* Message.swift in Sources */ = {isa = PBXBuildFile; fileRef = 621741561F0AAC8900F419B5 /* Message.swift */; };
		622E81EC1EFFEF8000963436 /* ImageDownloader.swift in Sources */ = {isa = PBXBuildFile; fileRef = 622E81EB1EFFEF8000963436 /* ImageDownloader.swift */; };
		624365131EFF8A3900DF28D9 /* ProfileController.swift in Sources */ = {isa = PBXBuildFile; fileRef = 624365121EFF8A3900DF28D9 /* ProfileController.swift */; };
		624B84971EFE726800274A83 /* Constants.swift in Sources */ = {isa = PBXBuildFile; fileRef = 624B84961EFE726800274A83 /* Constants.swift */; };
		6254DB231EFD6F0B00585B52 /* DesignImage.swift in Sources */ = {isa = PBXBuildFile; fileRef = 6254DB221EFD6F0B00585B52 /* DesignImage.swift */; };
		625DE2221F11177C00E91ADF /* ResetPasswordController.swift in Sources */ = {isa = PBXBuildFile; fileRef = 625DE2211F11177C00E91ADF /* ResetPasswordController.swift */; };
		625DE2241F1132B600E91ADF /* KeyboardPresent.swift in Sources */ = {isa = PBXBuildFile; fileRef = 625DE2231F1132B500E91ADF /* KeyboardPresent.swift */; };
		62720A961EFDD3C8001C85FB /* SearchController.swift in Sources */ = {isa = PBXBuildFile; fileRef = 62720A951EFDD3C8001C85FB /* SearchController.swift */; };
		627D78F81EFA661200D91B0E /* DetailTicketController.swift in Sources */ = {isa = PBXBuildFile; fileRef = 627D78F71EFA661200D91B0E /* DetailTicketController.swift */; };
		627D78FA1EFA845600D91B0E /* HistoryController.swift in Sources */ = {isa = PBXBuildFile; fileRef = 627D78F91EFA845600D91B0E /* HistoryController.swift */; };
		627D78FC1EFA848600D91B0E /* HistoryCell.swift in Sources */ = {isa = PBXBuildFile; fileRef = 627D78FB1EFA848600D91B0E /* HistoryCell.swift */; };
		62B193241EFEC8A9004E13C4 /* SearchCell.swift in Sources */ = {isa = PBXBuildFile; fileRef = 62B193231EFEC8A9004E13C4 /* SearchCell.swift */; };
		62B193261EFEECD3004E13C4 /* ImagePicker.swift in Sources */ = {isa = PBXBuildFile; fileRef = 62B193251EFEECD3004E13C4 /* ImagePicker.swift */; };
		62C2035E1EFAD6640061D30E /* LaunchScreen.storyboard in Resources */ = {isa = PBXBuildFile; fileRef = 62C2035D1EFAD6640061D30E /* LaunchScreen.storyboard */; };
		62DD7C791EF982D2005C0DAC /* TabBar.swift in Sources */ = {isa = PBXBuildFile; fileRef = 62DD7C781EF982D2005C0DAC /* TabBar.swift */; };
		62DD7C7B1EF9AB39005C0DAC /* UserController.swift in Sources */ = {isa = PBXBuildFile; fileRef = 62DD7C7A1EF9AB39005C0DAC /* UserController.swift */; };
		62F9F01D1EFC3A47008195BE /* DetailMainCell.swift in Sources */ = {isa = PBXBuildFile; fileRef = 62F9F01B1EFC3A47008195BE /* DetailMainCell.swift */; };
		62F9F01E1EFC3A47008195BE /* DetailMainCell.xib in Resources */ = {isa = PBXBuildFile; fileRef = 62F9F01C1EFC3A47008195BE /* DetailMainCell.xib */; };
		A72D290E1EE86FDE00C48C94 /* SeatViewController.swift in Sources */ = {isa = PBXBuildFile; fileRef = A72D290C1EE86FDE00C48C94 /* SeatViewController.swift */; };
		A72D290F1EE86FDE00C48C94 /* ZSeatSelector.swift in Sources */ = {isa = PBXBuildFile; fileRef = A72D290D1EE86FDE00C48C94 /* ZSeatSelector.swift */; };
		A735F04C1EE3F3CD00F399C5 /* UserInfo.swift in Sources */ = {isa = PBXBuildFile; fileRef = A735F04B1EE3F3CD00F399C5 /* UserInfo.swift */; };
		A73E371D1EE8450F0063BBAE /* PopularController.swift in Sources */ = {isa = PBXBuildFile; fileRef = A73E371B1EE8450F0063BBAE /* PopularController.swift */; };
		A73E371E1EE8450F0063BBAE /* UpComingController.swift in Sources */ = {isa = PBXBuildFile; fileRef = A73E371C1EE8450F0063BBAE /* UpComingController.swift */; };
		A75320971EE1B38900E75BE3 /* NowPlayingController.swift in Sources */ = {isa = PBXBuildFile; fileRef = A75320961EE1B38900E75BE3 /* NowPlayingController.swift */; };
		A7A155C21EE323DC00E9492E /* LoginController.swift in Sources */ = {isa = PBXBuildFile; fileRef = A7A155C11EE323DC00E9492E /* LoginController.swift */; };
		BB51314F1ED980DF00457B1B /* TMDbv3.swift in Sources */ = {isa = PBXBuildFile; fileRef = BB51314E1ED980DF00457B1B /* TMDbv3.swift */; };
		BB5131521ED980EA00457B1B /* Movie.swift in Sources */ = {isa = PBXBuildFile; fileRef = BB5131501ED980EA00457B1B /* Movie.swift */; };
		BB5131571ED9837900457B1B /* Struct.swift in Sources */ = {isa = PBXBuildFile; fileRef = BB5131561ED9837900457B1B /* Struct.swift */; };
		BB8C64CC1EF10F510056B945 /* GoogleService-Info.plist in Resources */ = {isa = PBXBuildFile; fileRef = BB8C64CB1EF10F510056B945 /* GoogleService-Info.plist */; };
		BB8C64CE1EF114330056B945 /* BuyTicketController.swift in Sources */ = {isa = PBXBuildFile; fileRef = BB8C64CD1EF114330056B945 /* BuyTicketController.swift */; };
		CF1984761EED52D900A29EEE /* Schedule.swift in Sources */ = {isa = PBXBuildFile; fileRef = CF1984751EED52D900A29EEE /* Schedule.swift */; };
		CF209D6D1EEC2A1400EE0098 /* DetailController.swift in Sources */ = {isa = PBXBuildFile; fileRef = CF209D6C1EEC2A1400EE0098 /* DetailController.swift */; };
		CF209D6F1EEC438000EE0098 /* DesignButton.swift in Sources */ = {isa = PBXBuildFile; fileRef = CF209D6E1EEC438000EE0098 /* DesignButton.swift */; };
		EBB925C61A1D4002E795BD53 /* Pods_MovieAppUITests.framework in Frameworks */ = {isa = PBXBuildFile; fileRef = 40D1766A556C6A1CA1528AEA /* Pods_MovieAppUITests.framework */; };
/* End PBXBuildFile section */

/* Begin PBXContainerItemProxy section */
		3AF7D2EC1ED96BF8001DF490 /* PBXContainerItemProxy */ = {
			isa = PBXContainerItemProxy;
			containerPortal = 3AF7D2CC1ED96BF8001DF490 /* Project object */;
			proxyType = 1;
			remoteGlobalIDString = 3AF7D2D31ED96BF8001DF490;
			remoteInfo = MovieApp;
		};
		3AF7D2F71ED96BF8001DF490 /* PBXContainerItemProxy */ = {
			isa = PBXContainerItemProxy;
			containerPortal = 3AF7D2CC1ED96BF8001DF490 /* Project object */;
			proxyType = 1;
			remoteGlobalIDString = 3AF7D2D31ED96BF8001DF490;
			remoteInfo = MovieApp;
		};
/* End PBXContainerItemProxy section */

/* Begin PBXFileReference section */
		0082642DD068163DDBB17928 /* Pods_MovieApp.framework */ = {isa = PBXFileReference; explicitFileType = wrapper.framework; includeInIndex = 0; path = Pods_MovieApp.framework; sourceTree = BUILT_PRODUCTS_DIR; };
		109BF467720F6DA2F36B4233 /* Pods-MovieAppTests.release.xcconfig */ = {isa = PBXFileReference; includeInIndex = 1; lastKnownFileType = text.xcconfig; name = "Pods-MovieAppTests.release.xcconfig"; path = "Pods/Target Support Files/Pods-MovieAppTests/Pods-MovieAppTests.release.xcconfig"; sourceTree = "<group>"; };
		3A66F8EB1EE7DB1A00FF3EFE /* ChangePasswordController.swift */ = {isa = PBXFileReference; fileEncoding = 4; lastKnownFileType = sourcecode.swift; path = ChangePasswordController.swift; sourceTree = "<group>"; };
		3AF7D2D41ED96BF8001DF490 /* MovieApp.app */ = {isa = PBXFileReference; explicitFileType = wrapper.application; includeInIndex = 0; path = MovieApp.app; sourceTree = BUILT_PRODUCTS_DIR; };
		3AF7D2D71ED96BF8001DF490 /* AppDelegate.swift */ = {isa = PBXFileReference; lastKnownFileType = sourcecode.swift; path = AppDelegate.swift; sourceTree = "<group>"; };
		3AF7D2DC1ED96BF8001DF490 /* Base */ = {isa = PBXFileReference; lastKnownFileType = file.storyboard; name = Base; path = Base.lproj/Main.storyboard; sourceTree = "<group>"; };
		3AF7D2DF1ED96BF8001DF490 /* MovieApp.xcdatamodel */ = {isa = PBXFileReference; lastKnownFileType = wrapper.xcdatamodel; path = MovieApp.xcdatamodel; sourceTree = "<group>"; };
		3AF7D2E11ED96BF8001DF490 /* Assets.xcassets */ = {isa = PBXFileReference; lastKnownFileType = folder.assetcatalog; path = Assets.xcassets; sourceTree = "<group>"; };
		3AF7D2E61ED96BF8001DF490 /* Info.plist */ = {isa = PBXFileReference; lastKnownFileType = text.plist.xml; path = Info.plist; sourceTree = "<group>"; };
		3AF7D2EB1ED96BF8001DF490 /* MovieAppTests.xctest */ = {isa = PBXFileReference; explicitFileType = wrapper.cfbundle; includeInIndex = 0; path = MovieAppTests.xctest; sourceTree = BUILT_PRODUCTS_DIR; };
		3AF7D2EF1ED96BF8001DF490 /* MovieAppTests.swift */ = {isa = PBXFileReference; lastKnownFileType = sourcecode.swift; path = MovieAppTests.swift; sourceTree = "<group>"; };
		3AF7D2F11ED96BF8001DF490 /* Info.plist */ = {isa = PBXFileReference; lastKnownFileType = text.plist.xml; path = Info.plist; sourceTree = "<group>"; };
		3AF7D2F61ED96BF8001DF490 /* MovieAppUITests.xctest */ = {isa = PBXFileReference; explicitFileType = wrapper.cfbundle; includeInIndex = 0; path = MovieAppUITests.xctest; sourceTree = BUILT_PRODUCTS_DIR; };
		3AF7D2FA1ED96BF8001DF490 /* MovieAppUITests.swift */ = {isa = PBXFileReference; lastKnownFileType = sourcecode.swift; path = MovieAppUITests.swift; sourceTree = "<group>"; };
		3AF7D2FC1ED96BF8001DF490 /* Info.plist */ = {isa = PBXFileReference; lastKnownFileType = text.plist.xml; path = Info.plist; sourceTree = "<group>"; };
		40D1766A556C6A1CA1528AEA /* Pods_MovieAppUITests.framework */ = {isa = PBXFileReference; explicitFileType = wrapper.framework; includeInIndex = 0; path = Pods_MovieAppUITests.framework; sourceTree = BUILT_PRODUCTS_DIR; };
		588859E2B570D7070B722CC5 /* Pods_MovieAppTests.framework */ = {isa = PBXFileReference; explicitFileType = wrapper.framework; includeInIndex = 0; path = Pods_MovieAppTests.framework; sourceTree = BUILT_PRODUCTS_DIR; };
		6207DB841F09201D00DB321F /* Ticket.swift */ = {isa = PBXFileReference; fileEncoding = 4; lastKnownFileType = sourcecode.swift; path = Ticket.swift; sourceTree = "<group>"; };
		6207DB861F09207300DB321F /* TicketController.swift */ = {isa = PBXFileReference; fileEncoding = 4; lastKnownFileType = sourcecode.swift; path = TicketController.swift; sourceTree = "<group>"; };
		620C2E5E1F0A626600DEDDBB /* NotUse.swift */ = {isa = PBXFileReference; fileEncoding = 4; lastKnownFileType = sourcecode.swift; path = NotUse.swift; sourceTree = "<group>"; };
		620C2E601F0A6F0C00DEDDBB /* Reachability.swift */ = {isa = PBXFileReference; fileEncoding = 4; lastKnownFileType = sourcecode.swift; path = Reachability.swift; sourceTree = "<group>"; };
		621741561F0AAC8900F419B5 /* Message.swift */ = {isa = PBXFileReference; fileEncoding = 4; lastKnownFileType = sourcecode.swift; path = Message.swift; sourceTree = "<group>"; };
		622E81EB1EFFEF8000963436 /* ImageDownloader.swift */ = {isa = PBXFileReference; fileEncoding = 4; lastKnownFileType = sourcecode.swift; path = ImageDownloader.swift; sourceTree = "<group>"; };
		624365121EFF8A3900DF28D9 /* ProfileController.swift */ = {isa = PBXFileReference; fileEncoding = 4; lastKnownFileType = sourcecode.swift; path = ProfileController.swift; sourceTree = "<group>"; };
		624B84961EFE726800274A83 /* Constants.swift */ = {isa = PBXFileReference; fileEncoding = 4; lastKnownFileType = sourcecode.swift; path = Constants.swift; sourceTree = "<group>"; };
		6254DB221EFD6F0B00585B52 /* DesignImage.swift */ = {isa = PBXFileReference; fileEncoding = 4; lastKnownFileType = sourcecode.swift; path = DesignImage.swift; sourceTree = "<group>"; };
		625DE2211F11177C00E91ADF /* ResetPasswordController.swift */ = {isa = PBXFileReference; fileEncoding = 4; lastKnownFileType = sourcecode.swift; path = ResetPasswordController.swift; sourceTree = "<group>"; };
		625DE2231F1132B500E91ADF /* KeyboardPresent.swift */ = {isa = PBXFileReference; fileEncoding = 4; lastKnownFileType = sourcecode.swift; path = KeyboardPresent.swift; sourceTree = "<group>"; };
		62720A951EFDD3C8001C85FB /* SearchController.swift */ = {isa = PBXFileReference; fileEncoding = 4; lastKnownFileType = sourcecode.swift; path = SearchController.swift; sourceTree = "<group>"; };
		627D78F71EFA661200D91B0E /* DetailTicketController.swift */ = {isa = PBXFileReference; fileEncoding = 4; lastKnownFileType = sourcecode.swift; path = DetailTicketController.swift; sourceTree = "<group>"; };
		627D78F91EFA845600D91B0E /* HistoryController.swift */ = {isa = PBXFileReference; fileEncoding = 4; lastKnownFileType = sourcecode.swift; path = HistoryController.swift; sourceTree = "<group>"; };
		627D78FB1EFA848600D91B0E /* HistoryCell.swift */ = {isa = PBXFileReference; fileEncoding = 4; lastKnownFileType = sourcecode.swift; path = HistoryCell.swift; sourceTree = "<group>"; };
		62B193231EFEC8A9004E13C4 /* SearchCell.swift */ = {isa = PBXFileReference; fileEncoding = 4; lastKnownFileType = sourcecode.swift; path = SearchCell.swift; sourceTree = "<group>"; };
		62B193251EFEECD3004E13C4 /* ImagePicker.swift */ = {isa = PBXFileReference; fileEncoding = 4; lastKnownFileType = sourcecode.swift; path = ImagePicker.swift; sourceTree = "<group>"; };
		62C2035D1EFAD6640061D30E /* LaunchScreen.storyboard */ = {isa = PBXFileReference; fileEncoding = 4; lastKnownFileType = file.storyboard; path = LaunchScreen.storyboard; sourceTree = "<group>"; };
		62DD7C781EF982D2005C0DAC /* TabBar.swift */ = {isa = PBXFileReference; fileEncoding = 4; lastKnownFileType = sourcecode.swift; path = TabBar.swift; sourceTree = "<group>"; };
		62DD7C7A1EF9AB39005C0DAC /* UserController.swift */ = {isa = PBXFileReference; fileEncoding = 4; lastKnownFileType = sourcecode.swift; path = UserController.swift; sourceTree = "<group>"; };
		62F9F01B1EFC3A47008195BE /* DetailMainCell.swift */ = {isa = PBXFileReference; fileEncoding = 4; lastKnownFileType = sourcecode.swift; path = DetailMainCell.swift; sourceTree = "<group>"; };
		62F9F01C1EFC3A47008195BE /* DetailMainCell.xib */ = {isa = PBXFileReference; fileEncoding = 4; lastKnownFileType = file.xib; path = DetailMainCell.xib; sourceTree = "<group>"; };
		7023C1CCF277A657E764882B /* Pods-MovieAppTests.debug.xcconfig */ = {isa = PBXFileReference; includeInIndex = 1; lastKnownFileType = text.xcconfig; name = "Pods-MovieAppTests.debug.xcconfig"; path = "Pods/Target Support Files/Pods-MovieAppTests/Pods-MovieAppTests.debug.xcconfig"; sourceTree = "<group>"; };
		A72D290C1EE86FDE00C48C94 /* SeatViewController.swift */ = {isa = PBXFileReference; fileEncoding = 4; lastKnownFileType = sourcecode.swift; path = SeatViewController.swift; sourceTree = "<group>"; };
		A72D290D1EE86FDE00C48C94 /* ZSeatSelector.swift */ = {isa = PBXFileReference; fileEncoding = 4; lastKnownFileType = sourcecode.swift; path = ZSeatSelector.swift; sourceTree = "<group>"; };
		A735F04B1EE3F3CD00F399C5 /* UserInfo.swift */ = {isa = PBXFileReference; fileEncoding = 4; lastKnownFileType = sourcecode.swift; path = UserInfo.swift; sourceTree = "<group>"; };
		A73E371B1EE8450F0063BBAE /* PopularController.swift */ = {isa = PBXFileReference; fileEncoding = 4; lastKnownFileType = sourcecode.swift; path = PopularController.swift; sourceTree = "<group>"; };
		A73E371C1EE8450F0063BBAE /* UpComingController.swift */ = {isa = PBXFileReference; fileEncoding = 4; lastKnownFileType = sourcecode.swift; path = UpComingController.swift; sourceTree = "<group>"; };
		A75320961EE1B38900E75BE3 /* NowPlayingController.swift */ = {isa = PBXFileReference; fileEncoding = 4; lastKnownFileType = sourcecode.swift; path = NowPlayingController.swift; sourceTree = "<group>"; };
		A7A155C11EE323DC00E9492E /* LoginController.swift */ = {isa = PBXFileReference; fileEncoding = 4; lastKnownFileType = sourcecode.swift; path = LoginController.swift; sourceTree = "<group>"; };
		BB51314E1ED980DF00457B1B /* TMDbv3.swift */ = {isa = PBXFileReference; fileEncoding = 4; lastKnownFileType = sourcecode.swift; path = TMDbv3.swift; sourceTree = "<group>"; };
		BB5131501ED980EA00457B1B /* Movie.swift */ = {isa = PBXFileReference; fileEncoding = 4; lastKnownFileType = sourcecode.swift; path = Movie.swift; sourceTree = "<group>"; };
		BB5131561ED9837900457B1B /* Struct.swift */ = {isa = PBXFileReference; fileEncoding = 4; lastKnownFileType = sourcecode.swift; path = Struct.swift; sourceTree = "<group>"; };
		BB8C64CB1EF10F510056B945 /* GoogleService-Info.plist */ = {isa = PBXFileReference; fileEncoding = 4; lastKnownFileType = text.plist.xml; path = "GoogleService-Info.plist"; sourceTree = "<group>"; };
		BB8C64CD1EF114330056B945 /* BuyTicketController.swift */ = {isa = PBXFileReference; fileEncoding = 4; lastKnownFileType = sourcecode.swift; path = BuyTicketController.swift; sourceTree = "<group>"; };
		CBFE154A94C88944B717EA7E /* Pods-MovieAppUITests.release.xcconfig */ = {isa = PBXFileReference; includeInIndex = 1; lastKnownFileType = text.xcconfig; name = "Pods-MovieAppUITests.release.xcconfig"; path = "Pods/Target Support Files/Pods-MovieAppUITests/Pods-MovieAppUITests.release.xcconfig"; sourceTree = "<group>"; };
		CF1984751EED52D900A29EEE /* Schedule.swift */ = {isa = PBXFileReference; fileEncoding = 4; lastKnownFileType = sourcecode.swift; path = Schedule.swift; sourceTree = "<group>"; };
		CF209D6C1EEC2A1400EE0098 /* DetailController.swift */ = {isa = PBXFileReference; fileEncoding = 4; lastKnownFileType = sourcecode.swift; path = DetailController.swift; sourceTree = "<group>"; };
		CF209D6E1EEC438000EE0098 /* DesignButton.swift */ = {isa = PBXFileReference; fileEncoding = 4; lastKnownFileType = sourcecode.swift; path = DesignButton.swift; sourceTree = "<group>"; };
		D6430472D4E13D69D03DCA10 /* Pods-MovieAppUITests.debug.xcconfig */ = {isa = PBXFileReference; includeInIndex = 1; lastKnownFileType = text.xcconfig; name = "Pods-MovieAppUITests.debug.xcconfig"; path = "Pods/Target Support Files/Pods-MovieAppUITests/Pods-MovieAppUITests.debug.xcconfig"; sourceTree = "<group>"; };
		F9C741137F75C4BB9C8D21D1 /* Pods-MovieApp.release.xcconfig */ = {isa = PBXFileReference; includeInIndex = 1; lastKnownFileType = text.xcconfig; name = "Pods-MovieApp.release.xcconfig"; path = "Pods/Target Support Files/Pods-MovieApp/Pods-MovieApp.release.xcconfig"; sourceTree = "<group>"; };
		FBCF76A68A3846936CC2CAC3 /* Pods-MovieApp.debug.xcconfig */ = {isa = PBXFileReference; includeInIndex = 1; lastKnownFileType = text.xcconfig; name = "Pods-MovieApp.debug.xcconfig"; path = "Pods/Target Support Files/Pods-MovieApp/Pods-MovieApp.debug.xcconfig"; sourceTree = "<group>"; };
/* End PBXFileReference section */

/* Begin PBXFrameworksBuildPhase section */
		3AF7D2D11ED96BF8001DF490 /* Frameworks */ = {
			isa = PBXFrameworksBuildPhase;
			buildActionMask = 2147483647;
			files = (
				1DD21402DA401646A9C47138 /* Pods_MovieApp.framework in Frameworks */,
			);
			runOnlyForDeploymentPostprocessing = 0;
		};
		3AF7D2E81ED96BF8001DF490 /* Frameworks */ = {
			isa = PBXFrameworksBuildPhase;
			buildActionMask = 2147483647;
			files = (
				322D2788D0BEA46D84C73489 /* Pods_MovieAppTests.framework in Frameworks */,
			);
			runOnlyForDeploymentPostprocessing = 0;
		};
		3AF7D2F31ED96BF8001DF490 /* Frameworks */ = {
			isa = PBXFrameworksBuildPhase;
			buildActionMask = 2147483647;
			files = (
				EBB925C61A1D4002E795BD53 /* Pods_MovieAppUITests.framework in Frameworks */,
			);
			runOnlyForDeploymentPostprocessing = 0;
		};
/* End PBXFrameworksBuildPhase section */

/* Begin PBXGroup section */
		3AF7D2CB1ED96BF8001DF490 = {
			isa = PBXGroup;
			children = (
				3AF7D2D61ED96BF8001DF490 /* MovieApp */,
				3AF7D2EE1ED96BF8001DF490 /* MovieAppTests */,
				3AF7D2F91ED96BF8001DF490 /* MovieAppUITests */,
				3AF7D2D51ED96BF8001DF490 /* Products */,
				96B6C4AB4CCC1E49D838EC71 /* Frameworks */,
				F1FB8E61945715101765BA7E /* Pods */,
			);
			sourceTree = "<group>";
		};
		3AF7D2D51ED96BF8001DF490 /* Products */ = {
			isa = PBXGroup;
			children = (
				3AF7D2D41ED96BF8001DF490 /* MovieApp.app */,
				3AF7D2EB1ED96BF8001DF490 /* MovieAppTests.xctest */,
				3AF7D2F61ED96BF8001DF490 /* MovieAppUITests.xctest */,
			);
			name = Products;
			sourceTree = "<group>";
		};
		3AF7D2D61ED96BF8001DF490 /* MovieApp */ = {
			isa = PBXGroup;
			children = (
				624B84951EFE722900274A83 /* Assisting Files */,
				62F9F01A1EFC39E1008195BE /* View */,
				BB5131581ED9839600457B1B /* Controller */,
				BB51314D1ED9803500457B1B /* API */,
				BB51314C1ED97FEC00457B1B /* Model */,
				3AF7D2D71ED96BF8001DF490 /* AppDelegate.swift */,
				3AF7D2E11ED96BF8001DF490 /* Assets.xcassets */,
				BB8C64CB1EF10F510056B945 /* GoogleService-Info.plist */,
				3AF7D2E61ED96BF8001DF490 /* Info.plist */,
				3AF7D2DE1ED96BF8001DF490 /* MovieApp.xcdatamodeld */,
			);
			path = MovieApp;
			sourceTree = "<group>";
		};
		3AF7D2EE1ED96BF8001DF490 /* MovieAppTests */ = {
			isa = PBXGroup;
			children = (
				3AF7D2EF1ED96BF8001DF490 /* MovieAppTests.swift */,
				3AF7D2F11ED96BF8001DF490 /* Info.plist */,
			);
			path = MovieAppTests;
			sourceTree = "<group>";
		};
		3AF7D2F91ED96BF8001DF490 /* MovieAppUITests */ = {
			isa = PBXGroup;
			children = (
				3AF7D2FA1ED96BF8001DF490 /* MovieAppUITests.swift */,
				3AF7D2FC1ED96BF8001DF490 /* Info.plist */,
			);
			path = MovieAppUITests;
			sourceTree = "<group>";
		};
		624B84951EFE722900274A83 /* Assisting Files */ = {
			isa = PBXGroup;
			children = (
				624B84961EFE726800274A83 /* Constants.swift */,
				62B193251EFEECD3004E13C4 /* ImagePicker.swift */,
				622E81EB1EFFEF8000963436 /* ImageDownloader.swift */,
				620C2E5E1F0A626600DEDDBB /* NotUse.swift */,
				620C2E601F0A6F0C00DEDDBB /* Reachability.swift */,
				621741561F0AAC8900F419B5 /* Message.swift */,
				625DE2231F1132B500E91ADF /* KeyboardPresent.swift */,
			);
			name = "Assisting Files";
			sourceTree = "<group>";
		};
		62F9F01A1EFC39E1008195BE /* View */ = {
			isa = PBXGroup;
			children = (
				62F9F01C1EFC3A47008195BE /* DetailMainCell.xib */,
				62C2035D1EFAD6640061D30E /* LaunchScreen.storyboard */,
				3AF7D2DB1ED96BF8001DF490 /* Main.storyboard */,
				CF209D6E1EEC438000EE0098 /* DesignButton.swift */,
				62F9F01B1EFC3A47008195BE /* DetailMainCell.swift */,
				6254DB221EFD6F0B00585B52 /* DesignImage.swift */,
				62B193231EFEC8A9004E13C4 /* SearchCell.swift */,
				627D78FB1EFA848600D91B0E /* HistoryCell.swift */,
			);
			name = View;
			sourceTree = "<group>";
		};
		96B6C4AB4CCC1E49D838EC71 /* Frameworks */ = {
			isa = PBXGroup;
			children = (
				0082642DD068163DDBB17928 /* Pods_MovieApp.framework */,
				588859E2B570D7070B722CC5 /* Pods_MovieAppTests.framework */,
				40D1766A556C6A1CA1528AEA /* Pods_MovieAppUITests.framework */,
			);
			name = Frameworks;
			sourceTree = "<group>";
		};
		BB51314C1ED97FEC00457B1B /* Model */ = {
			isa = PBXGroup;
			children = (
				A735F04B1EE3F3CD00F399C5 /* UserInfo.swift */,
				CF1984751EED52D900A29EEE /* Schedule.swift */,
				BB5131501ED980EA00457B1B /* Movie.swift */,
				6207DB841F09201D00DB321F /* Ticket.swift */,
			);
			name = Model;
			sourceTree = "<group>";
		};
		BB51314D1ED9803500457B1B /* API */ = {
			isa = PBXGroup;
			children = (
				BB51314E1ED980DF00457B1B /* TMDbv3.swift */,
				BB5131561ED9837900457B1B /* Struct.swift */,
			);
			name = API;
			sourceTree = "<group>";
		};
		BB5131581ED9839600457B1B /* Controller */ = {
			isa = PBXGroup;
			children = (
				62DD7C781EF982D2005C0DAC /* TabBar.swift */,
				A75320961EE1B38900E75BE3 /* NowPlayingController.swift */,
				A73E371B1EE8450F0063BBAE /* PopularController.swift */,
				A73E371C1EE8450F0063BBAE /* UpComingController.swift */,
				CF209D6C1EEC2A1400EE0098 /* DetailController.swift */,
				A7A155C11EE323DC00E9492E /* LoginController.swift */,
				62DD7C7A1EF9AB39005C0DAC /* UserController.swift */,
				624365121EFF8A3900DF28D9 /* ProfileController.swift */,
				3A66F8EB1EE7DB1A00FF3EFE /* ChangePasswordController.swift */,
				A72D290C1EE86FDE00C48C94 /* SeatViewController.swift */,
				A72D290D1EE86FDE00C48C94 /* ZSeatSelector.swift */,
				BB8C64CD1EF114330056B945 /* BuyTicketController.swift */,
				627D78F71EFA661200D91B0E /* DetailTicketController.swift */,
				627D78F91EFA845600D91B0E /* HistoryController.swift */,
				62720A951EFDD3C8001C85FB /* SearchController.swift */,
				6207DB861F09207300DB321F /* TicketController.swift */,
				625DE2211F11177C00E91ADF /* ResetPasswordController.swift */,
			);
			name = Controller;
			sourceTree = "<group>";
		};
		F1FB8E61945715101765BA7E /* Pods */ = {
			isa = PBXGroup;
			children = (
				FBCF76A68A3846936CC2CAC3 /* Pods-MovieApp.debug.xcconfig */,
				F9C741137F75C4BB9C8D21D1 /* Pods-MovieApp.release.xcconfig */,
				7023C1CCF277A657E764882B /* Pods-MovieAppTests.debug.xcconfig */,
				109BF467720F6DA2F36B4233 /* Pods-MovieAppTests.release.xcconfig */,
				D6430472D4E13D69D03DCA10 /* Pods-MovieAppUITests.debug.xcconfig */,
				CBFE154A94C88944B717EA7E /* Pods-MovieAppUITests.release.xcconfig */,
			);
			name = Pods;
			sourceTree = "<group>";
		};
/* End PBXGroup section */

/* Begin PBXNativeTarget section */
		3AF7D2D31ED96BF8001DF490 /* MovieApp */ = {
			isa = PBXNativeTarget;
			buildConfigurationList = 3AF7D2FF1ED96BF8001DF490 /* Build configuration list for PBXNativeTarget "MovieApp" */;
			buildPhases = (
				A55CE94FF5D682EB7C27A9CE /* [CP] Check Pods Manifest.lock */,
				3AF7D2D01ED96BF8001DF490 /* Sources */,
				3AF7D2D11ED96BF8001DF490 /* Frameworks */,
				3AF7D2D21ED96BF8001DF490 /* Resources */,
				0D33C29EC487DDF8182EB802 /* [CP] Embed Pods Frameworks */,
				AF62F8EFD63DB150DBAE3DB1 /* [CP] Copy Pods Resources */,
			);
			buildRules = (
			);
			dependencies = (
			);
			name = MovieApp;
			productName = MovieApp;
			productReference = 3AF7D2D41ED96BF8001DF490 /* MovieApp.app */;
			productType = "com.apple.product-type.application";
		};
		3AF7D2EA1ED96BF8001DF490 /* MovieAppTests */ = {
			isa = PBXNativeTarget;
			buildConfigurationList = 3AF7D3021ED96BF8001DF490 /* Build configuration list for PBXNativeTarget "MovieAppTests" */;
			buildPhases = (
				F868EE4DDC430A225B8F8E1C /* [CP] Check Pods Manifest.lock */,
				3AF7D2E71ED96BF8001DF490 /* Sources */,
				3AF7D2E81ED96BF8001DF490 /* Frameworks */,
				3AF7D2E91ED96BF8001DF490 /* Resources */,
				BEF4EA85763397F90EBCBBFB /* [CP] Embed Pods Frameworks */,
				01A7B6CAF09FD325ED9D3400 /* [CP] Copy Pods Resources */,
			);
			buildRules = (
			);
			dependencies = (
				3AF7D2ED1ED96BF8001DF490 /* PBXTargetDependency */,
			);
			name = MovieAppTests;
			productName = MovieAppTests;
			productReference = 3AF7D2EB1ED96BF8001DF490 /* MovieAppTests.xctest */;
			productType = "com.apple.product-type.bundle.unit-test";
		};
		3AF7D2F51ED96BF8001DF490 /* MovieAppUITests */ = {
			isa = PBXNativeTarget;
			buildConfigurationList = 3AF7D3051ED96BF8001DF490 /* Build configuration list for PBXNativeTarget "MovieAppUITests" */;
			buildPhases = (
				CE3C25D886ECBB75D4B022C3 /* [CP] Check Pods Manifest.lock */,
				3AF7D2F21ED96BF8001DF490 /* Sources */,
				3AF7D2F31ED96BF8001DF490 /* Frameworks */,
				3AF7D2F41ED96BF8001DF490 /* Resources */,
				09DF934E3DCF5FFFCC2A8FA0 /* [CP] Embed Pods Frameworks */,
				E1B005DA1C1BEA3A42C279D3 /* [CP] Copy Pods Resources */,
			);
			buildRules = (
			);
			dependencies = (
				3AF7D2F81ED96BF8001DF490 /* PBXTargetDependency */,
			);
			name = MovieAppUITests;
			productName = MovieAppUITests;
			productReference = 3AF7D2F61ED96BF8001DF490 /* MovieAppUITests.xctest */;
			productType = "com.apple.product-type.bundle.ui-testing";
		};
/* End PBXNativeTarget section */

/* Begin PBXProject section */
		3AF7D2CC1ED96BF8001DF490 /* Project object */ = {
			isa = PBXProject;
			attributes = {
				LastSwiftUpdateCheck = 0830;
				LastUpgradeCheck = 0830;
				ORGANIZATIONNAME = "Dau Khac Bac";
				TargetAttributes = {
					3AF7D2D31ED96BF8001DF490 = {
						CreatedOnToolsVersion = 8.3;
						LastSwiftMigration = 0820;
						ProvisioningStyle = Automatic;
					};
					3AF7D2EA1ED96BF8001DF490 = {
						CreatedOnToolsVersion = 8.3;
						ProvisioningStyle = Automatic;
						TestTargetID = 3AF7D2D31ED96BF8001DF490;
					};
					3AF7D2F51ED96BF8001DF490 = {
						CreatedOnToolsVersion = 8.3;
						ProvisioningStyle = Automatic;
						TestTargetID = 3AF7D2D31ED96BF8001DF490;
					};
				};
			};
			buildConfigurationList = 3AF7D2CF1ED96BF8001DF490 /* Build configuration list for PBXProject "MovieApp-master" */;
			compatibilityVersion = "Xcode 3.2";
			developmentRegion = English;
			hasScannedForEncodings = 0;
			knownRegions = (
				en,
				Base,
			);
			mainGroup = 3AF7D2CB1ED96BF8001DF490;
			productRefGroup = 3AF7D2D51ED96BF8001DF490 /* Products */;
			projectDirPath = "";
			projectRoot = "";
			targets = (
				3AF7D2D31ED96BF8001DF490 /* MovieApp */,
				3AF7D2EA1ED96BF8001DF490 /* MovieAppTests */,
				3AF7D2F51ED96BF8001DF490 /* MovieAppUITests */,
			);
		};
/* End PBXProject section */

/* Begin PBXResourcesBuildPhase section */
		3AF7D2D21ED96BF8001DF490 /* Resources */ = {
			isa = PBXResourcesBuildPhase;
			buildActionMask = 2147483647;
			files = (
				BB8C64CC1EF10F510056B945 /* GoogleService-Info.plist in Resources */,
				62C2035E1EFAD6640061D30E /* LaunchScreen.storyboard in Resources */,
				3AF7D2E21ED96BF8001DF490 /* Assets.xcassets in Resources */,
				3AF7D2DD1ED96BF8001DF490 /* Main.storyboard in Resources */,
				62F9F01E1EFC3A47008195BE /* DetailMainCell.xib in Resources */,
			);
			runOnlyForDeploymentPostprocessing = 0;
		};
		3AF7D2E91ED96BF8001DF490 /* Resources */ = {
			isa = PBXResourcesBuildPhase;
			buildActionMask = 2147483647;
			files = (
			);
			runOnlyForDeploymentPostprocessing = 0;
		};
		3AF7D2F41ED96BF8001DF490 /* Resources */ = {
			isa = PBXResourcesBuildPhase;
			buildActionMask = 2147483647;
			files = (
			);
			runOnlyForDeploymentPostprocessing = 0;
		};
/* End PBXResourcesBuildPhase section */

/* Begin PBXShellScriptBuildPhase section */
		01A7B6CAF09FD325ED9D3400 /* [CP] Copy Pods Resources */ = {
			isa = PBXShellScriptBuildPhase;
			buildActionMask = 2147483647;
			files = (
			);
			inputPaths = (
			);
			name = "[CP] Copy Pods Resources";
			outputPaths = (
			);
			runOnlyForDeploymentPostprocessing = 0;
			shellPath = /bin/sh;
			shellScript = "\"${SRCROOT}/Pods/Target Support Files/Pods-MovieAppTests/Pods-MovieAppTests-resources.sh\"\n";
			showEnvVarsInLog = 0;
		};
		09DF934E3DCF5FFFCC2A8FA0 /* [CP] Embed Pods Frameworks */ = {
			isa = PBXShellScriptBuildPhase;
			buildActionMask = 2147483647;
			files = (
			);
			inputPaths = (
			);
			name = "[CP] Embed Pods Frameworks";
			outputPaths = (
			);
			runOnlyForDeploymentPostprocessing = 0;
			shellPath = /bin/sh;
			shellScript = "\"${SRCROOT}/Pods/Target Support Files/Pods-MovieAppUITests/Pods-MovieAppUITests-frameworks.sh\"\n";
			showEnvVarsInLog = 0;
		};
		0D33C29EC487DDF8182EB802 /* [CP] Embed Pods Frameworks */ = {
			isa = PBXShellScriptBuildPhase;
			buildActionMask = 2147483647;
			files = (
			);
			inputPaths = (
			);
			name = "[CP] Embed Pods Frameworks";
			outputPaths = (
			);
			runOnlyForDeploymentPostprocessing = 0;
			shellPath = /bin/sh;
			shellScript = "\"${SRCROOT}/Pods/Target Support Files/Pods-MovieApp/Pods-MovieApp-frameworks.sh\"\n";
			showEnvVarsInLog = 0;
		};
		A55CE94FF5D682EB7C27A9CE /* [CP] Check Pods Manifest.lock */ = {
			isa = PBXShellScriptBuildPhase;
			buildActionMask = 2147483647;
			files = (
			);
			inputPaths = (
			);
			name = "[CP] Check Pods Manifest.lock";
			outputPaths = (
			);
			runOnlyForDeploymentPostprocessing = 0;
			shellPath = /bin/sh;
			shellScript = "diff \"${PODS_PODFILE_DIR_PATH}/Podfile.lock\" \"${PODS_ROOT}/Manifest.lock\" > /dev/null\nif [ $? != 0 ] ; then\n    # print error to STDERR\n    echo \"error: The sandbox is not in sync with the Podfile.lock. Run 'pod install' or update your CocoaPods installation.\" >&2\n    exit 1\nfi\n";
			showEnvVarsInLog = 0;
		};
		AF62F8EFD63DB150DBAE3DB1 /* [CP] Copy Pods Resources */ = {
			isa = PBXShellScriptBuildPhase;
			buildActionMask = 2147483647;
			files = (
			);
			inputPaths = (
			);
			name = "[CP] Copy Pods Resources";
			outputPaths = (
			);
			runOnlyForDeploymentPostprocessing = 0;
			shellPath = /bin/sh;
			shellScript = "\"${SRCROOT}/Pods/Target Support Files/Pods-MovieApp/Pods-MovieApp-resources.sh\"\n";
			showEnvVarsInLog = 0;
		};
		BEF4EA85763397F90EBCBBFB /* [CP] Embed Pods Frameworks */ = {
			isa = PBXShellScriptBuildPhase;
			buildActionMask = 2147483647;
			files = (
			);
			inputPaths = (
			);
			name = "[CP] Embed Pods Frameworks";
			outputPaths = (
			);
			runOnlyForDeploymentPostprocessing = 0;
			shellPath = /bin/sh;
			shellScript = "\"${SRCROOT}/Pods/Target Support Files/Pods-MovieAppTests/Pods-MovieAppTests-frameworks.sh\"\n";
			showEnvVarsInLog = 0;
		};
		CE3C25D886ECBB75D4B022C3 /* [CP] Check Pods Manifest.lock */ = {
			isa = PBXShellScriptBuildPhase;
			buildActionMask = 2147483647;
			files = (
			);
			inputPaths = (
			);
			name = "[CP] Check Pods Manifest.lock";
			outputPaths = (
			);
			runOnlyForDeploymentPostprocessing = 0;
			shellPath = /bin/sh;
			shellScript = "diff \"${PODS_PODFILE_DIR_PATH}/Podfile.lock\" \"${PODS_ROOT}/Manifest.lock\" > /dev/null\nif [ $? != 0 ] ; then\n    # print error to STDERR\n    echo \"error: The sandbox is not in sync with the Podfile.lock. Run 'pod install' or update your CocoaPods installation.\" >&2\n    exit 1\nfi\n";
			showEnvVarsInLog = 0;
		};
		E1B005DA1C1BEA3A42C279D3 /* [CP] Copy Pods Resources */ = {
			isa = PBXShellScriptBuildPhase;
			buildActionMask = 2147483647;
			files = (
			);
			inputPaths = (
			);
			name = "[CP] Copy Pods Resources";
			outputPaths = (
			);
			runOnlyForDeploymentPostprocessing = 0;
			shellPath = /bin/sh;
			shellScript = "\"${SRCROOT}/Pods/Target Support Files/Pods-MovieAppUITests/Pods-MovieAppUITests-resources.sh\"\n";
			showEnvVarsInLog = 0;
		};
		F868EE4DDC430A225B8F8E1C /* [CP] Check Pods Manifest.lock */ = {
			isa = PBXShellScriptBuildPhase;
			buildActionMask = 2147483647;
			files = (
			);
			inputPaths = (
			);
			name = "[CP] Check Pods Manifest.lock";
			outputPaths = (
			);
			runOnlyForDeploymentPostprocessing = 0;
			shellPath = /bin/sh;
			shellScript = "diff \"${PODS_PODFILE_DIR_PATH}/Podfile.lock\" \"${PODS_ROOT}/Manifest.lock\" > /dev/null\nif [ $? != 0 ] ; then\n    # print error to STDERR\n    echo \"error: The sandbox is not in sync with the Podfile.lock. Run 'pod install' or update your CocoaPods installation.\" >&2\n    exit 1\nfi\n";
			showEnvVarsInLog = 0;
		};
/* End PBXShellScriptBuildPhase section */

/* Begin PBXSourcesBuildPhase section */
		3AF7D2D01ED96BF8001DF490 /* Sources */ = {
			isa = PBXSourcesBuildPhase;
			buildActionMask = 2147483647;
			files = (
				A7A155C21EE323DC00E9492E /* LoginController.swift in Sources */,
				62B193241EFEC8A9004E13C4 /* SearchCell.swift in Sources */,
				625DE2221F11177C00E91ADF /* ResetPasswordController.swift in Sources */,
				CF209D6D1EEC2A1400EE0098 /* DetailController.swift in Sources */,
				627D78FA1EFA845600D91B0E /* HistoryController.swift in Sources */,
				62F9F01D1EFC3A47008195BE /* DetailMainCell.swift in Sources */,
				BB8C64CE1EF114330056B945 /* BuyTicketController.swift in Sources */,
				624B84971EFE726800274A83 /* Constants.swift in Sources */,
				3A66F8EC1EE7DB1A00FF3EFE /* ChangePasswordController.swift in Sources */,
				624365131EFF8A3900DF28D9 /* ProfileController.swift in Sources */,
				CF209D6F1EEC438000EE0098 /* DesignButton.swift in Sources */,
				625DE2241F1132B600E91ADF /* KeyboardPresent.swift in Sources */,
				6207DB851F09201D00DB321F /* Ticket.swift in Sources */,
				3AF7D2D81ED96BF8001DF490 /* AppDelegate.swift in Sources */,
				A72D290E1EE86FDE00C48C94 /* SeatViewController.swift in Sources */,
				62DD7C791EF982D2005C0DAC /* TabBar.swift in Sources */,
				3AF7D2E01ED96BF8001DF490 /* MovieApp.xcdatamodeld in Sources */,
				627D78F81EFA661200D91B0E /* DetailTicketController.swift in Sources */,
				62720A961EFDD3C8001C85FB /* SearchController.swift in Sources */,
				A73E371D1EE8450F0063BBAE /* PopularController.swift in Sources */,
				622E81EC1EFFEF8000963436 /* ImageDownloader.swift in Sources */,
				CF1984761EED52D900A29EEE /* Schedule.swift in Sources */,
				621741571F0AAC8900F419B5 /* Message.swift in Sources */,
				6207DB871F09207300DB321F /* TicketController.swift in Sources */,
				A72D290F1EE86FDE00C48C94 /* ZSeatSelector.swift in Sources */,
				62DD7C7B1EF9AB39005C0DAC /* UserController.swift in Sources */,
				627D78FC1EFA848600D91B0E /* HistoryCell.swift in Sources */,
				BB51314F1ED980DF00457B1B /* TMDbv3.swift in Sources */,
				A735F04C1EE3F3CD00F399C5 /* UserInfo.swift in Sources */,
				A75320971EE1B38900E75BE3 /* NowPlayingController.swift in Sources */,
				620C2E611F0A6F0C00DEDDBB /* Reachability.swift in Sources */,
				BB5131571ED9837900457B1B /* Struct.swift in Sources */,
				A73E371E1EE8450F0063BBAE /* UpComingController.swift in Sources */,
				62B193261EFEECD3004E13C4 /* ImagePicker.swift in Sources */,
				620C2E5F1F0A626600DEDDBB /* NotUse.swift in Sources */,
				6254DB231EFD6F0B00585B52 /* DesignImage.swift in Sources */,
				BB5131521ED980EA00457B1B /* Movie.swift in Sources */,
			);
			runOnlyForDeploymentPostprocessing = 0;
		};
		3AF7D2E71ED96BF8001DF490 /* Sources */ = {
			isa = PBXSourcesBuildPhase;
			buildActionMask = 2147483647;
			files = (
				3AF7D2F01ED96BF8001DF490 /* MovieAppTests.swift in Sources */,
			);
			runOnlyForDeploymentPostprocessing = 0;
		};
		3AF7D2F21ED96BF8001DF490 /* Sources */ = {
			isa = PBXSourcesBuildPhase;
			buildActionMask = 2147483647;
			files = (
				3AF7D2FB1ED96BF8001DF490 /* MovieAppUITests.swift in Sources */,
			);
			runOnlyForDeploymentPostprocessing = 0;
		};
/* End PBXSourcesBuildPhase section */

/* Begin PBXTargetDependency section */
		3AF7D2ED1ED96BF8001DF490 /* PBXTargetDependency */ = {
			isa = PBXTargetDependency;
			target = 3AF7D2D31ED96BF8001DF490 /* MovieApp */;
			targetProxy = 3AF7D2EC1ED96BF8001DF490 /* PBXContainerItemProxy */;
		};
		3AF7D2F81ED96BF8001DF490 /* PBXTargetDependency */ = {
			isa = PBXTargetDependency;
			target = 3AF7D2D31ED96BF8001DF490 /* MovieApp */;
			targetProxy = 3AF7D2F71ED96BF8001DF490 /* PBXContainerItemProxy */;
		};
/* End PBXTargetDependency section */

/* Begin PBXVariantGroup section */
		3AF7D2DB1ED96BF8001DF490 /* Main.storyboard */ = {
			isa = PBXVariantGroup;
			children = (
				3AF7D2DC1ED96BF8001DF490 /* Base */,
			);
			name = Main.storyboard;
			sourceTree = "<group>";
		};
/* End PBXVariantGroup section */

/* Begin XCBuildConfiguration section */
		3AF7D2FD1ED96BF8001DF490 /* Debug */ = {
			isa = XCBuildConfiguration;
			buildSettings = {
				ALWAYS_SEARCH_USER_PATHS = NO;
				CLANG_ANALYZER_NONNULL = YES;
				CLANG_ANALYZER_NUMBER_OBJECT_CONVERSION = YES_AGGRESSIVE;
				CLANG_CXX_LANGUAGE_STANDARD = "gnu++0x";
				CLANG_CXX_LIBRARY = "libc++";
				CLANG_ENABLE_MODULES = YES;
				CLANG_ENABLE_OBJC_ARC = YES;
				CLANG_WARN_BOOL_CONVERSION = YES;
				CLANG_WARN_CONSTANT_CONVERSION = YES;
				CLANG_WARN_DIRECT_OBJC_ISA_USAGE = YES_ERROR;
				CLANG_WARN_DOCUMENTATION_COMMENTS = YES;
				CLANG_WARN_EMPTY_BODY = YES;
				CLANG_WARN_ENUM_CONVERSION = YES;
				CLANG_WARN_INFINITE_RECURSION = YES;
				CLANG_WARN_INT_CONVERSION = YES;
				CLANG_WARN_OBJC_ROOT_CLASS = YES_ERROR;
				CLANG_WARN_SUSPICIOUS_MOVE = YES;
				CLANG_WARN_UNREACHABLE_CODE = YES;
				CLANG_WARN__DUPLICATE_METHOD_MATCH = YES;
				"CODE_SIGN_IDENTITY[sdk=iphoneos*]" = "iPhone Developer";
				COPY_PHASE_STRIP = NO;
				DEBUG_INFORMATION_FORMAT = dwarf;
				ENABLE_STRICT_OBJC_MSGSEND = YES;
				ENABLE_TESTABILITY = YES;
				GCC_C_LANGUAGE_STANDARD = gnu99;
				GCC_DYNAMIC_NO_PIC = NO;
				GCC_NO_COMMON_BLOCKS = YES;
				GCC_OPTIMIZATION_LEVEL = 0;
				GCC_PREPROCESSOR_DEFINITIONS = (
					"DEBUG=1",
					"$(inherited)",
				);
				GCC_WARN_64_TO_32_BIT_CONVERSION = YES;
				GCC_WARN_ABOUT_RETURN_TYPE = YES_ERROR;
				GCC_WARN_UNDECLARED_SELECTOR = YES;
				GCC_WARN_UNINITIALIZED_AUTOS = YES_AGGRESSIVE;
				GCC_WARN_UNUSED_FUNCTION = YES;
				GCC_WARN_UNUSED_VARIABLE = YES;
				IPHONEOS_DEPLOYMENT_TARGET = 10.3;
				MTL_ENABLE_DEBUG_INFO = YES;
				ONLY_ACTIVE_ARCH = YES;
				SDKROOT = iphoneos;
				SWIFT_ACTIVE_COMPILATION_CONDITIONS = DEBUG;
				SWIFT_OPTIMIZATION_LEVEL = "-Onone";
				TARGETED_DEVICE_FAMILY = "1,2";
			};
			name = Debug;
		};
		3AF7D2FE1ED96BF8001DF490 /* Release */ = {
			isa = XCBuildConfiguration;
			buildSettings = {
				ALWAYS_SEARCH_USER_PATHS = NO;
				CLANG_ANALYZER_NONNULL = YES;
				CLANG_ANALYZER_NUMBER_OBJECT_CONVERSION = YES_AGGRESSIVE;
				CLANG_CXX_LANGUAGE_STANDARD = "gnu++0x";
				CLANG_CXX_LIBRARY = "libc++";
				CLANG_ENABLE_MODULES = YES;
				CLANG_ENABLE_OBJC_ARC = YES;
				CLANG_WARN_BOOL_CONVERSION = YES;
				CLANG_WARN_CONSTANT_CONVERSION = YES;
				CLANG_WARN_DIRECT_OBJC_ISA_USAGE = YES_ERROR;
				CLANG_WARN_DOCUMENTATION_COMMENTS = YES;
				CLANG_WARN_EMPTY_BODY = YES;
				CLANG_WARN_ENUM_CONVERSION = YES;
				CLANG_WARN_INFINITE_RECURSION = YES;
				CLANG_WARN_INT_CONVERSION = YES;
				CLANG_WARN_OBJC_ROOT_CLASS = YES_ERROR;
				CLANG_WARN_SUSPICIOUS_MOVE = YES;
				CLANG_WARN_UNREACHABLE_CODE = YES;
				CLANG_WARN__DUPLICATE_METHOD_MATCH = YES;
				"CODE_SIGN_IDENTITY[sdk=iphoneos*]" = "iPhone Developer";
				COPY_PHASE_STRIP = NO;
				DEBUG_INFORMATION_FORMAT = "dwarf-with-dsym";
				ENABLE_NS_ASSERTIONS = NO;
				ENABLE_STRICT_OBJC_MSGSEND = YES;
				GCC_C_LANGUAGE_STANDARD = gnu99;
				GCC_NO_COMMON_BLOCKS = YES;
				GCC_WARN_64_TO_32_BIT_CONVERSION = YES;
				GCC_WARN_ABOUT_RETURN_TYPE = YES_ERROR;
				GCC_WARN_UNDECLARED_SELECTOR = YES;
				GCC_WARN_UNINITIALIZED_AUTOS = YES_AGGRESSIVE;
				GCC_WARN_UNUSED_FUNCTION = YES;
				GCC_WARN_UNUSED_VARIABLE = YES;
				IPHONEOS_DEPLOYMENT_TARGET = 10.3;
				MTL_ENABLE_DEBUG_INFO = NO;
				SDKROOT = iphoneos;
				SWIFT_OPTIMIZATION_LEVEL = "-Owholemodule";
				TARGETED_DEVICE_FAMILY = "1,2";
				VALIDATE_PRODUCT = YES;
			};
			name = Release;
		};
		3AF7D3001ED96BF8001DF490 /* Debug */ = {
			isa = XCBuildConfiguration;
			baseConfigurationReference = FBCF76A68A3846936CC2CAC3 /* Pods-MovieApp.debug.xcconfig */;
			buildSettings = {
				ASSETCATALOG_COMPILER_APPICON_NAME = AppIcon;
				CLANG_ENABLE_MODULES = YES;
				DEVELOPMENT_TEAM = "";
				INFOPLIST_FILE = MovieApp/Info.plist;
				IPHONEOS_DEPLOYMENT_TARGET = 10.2;
				LD_RUNPATH_SEARCH_PATHS = "$(inherited) @executable_path/Frameworks";
				PRODUCT_BUNDLE_IDENTIFIER = bac.MovieApp;
				PRODUCT_NAME = "$(TARGET_NAME)";
				SWIFT_OBJC_BRIDGING_HEADER = "MovieApp-Bridging-Header.h";
				SWIFT_OPTIMIZATION_LEVEL = "-Onone";
				SWIFT_VERSION = 3.0;
				TARGETED_DEVICE_FAMILY = 1;
			};
			name = Debug;
		};
		3AF7D3011ED96BF8001DF490 /* Release */ = {
			isa = XCBuildConfiguration;
			baseConfigurationReference = F9C741137F75C4BB9C8D21D1 /* Pods-MovieApp.release.xcconfig */;
			buildSettings = {
				ASSETCATALOG_COMPILER_APPICON_NAME = AppIcon;
				CLANG_ENABLE_MODULES = YES;
				DEVELOPMENT_TEAM = "";
				INFOPLIST_FILE = MovieApp/Info.plist;
				IPHONEOS_DEPLOYMENT_TARGET = 10.2;
				LD_RUNPATH_SEARCH_PATHS = "$(inherited) @executable_path/Frameworks";
				PRODUCT_BUNDLE_IDENTIFIER = bac.MovieApp;
				PRODUCT_NAME = "$(TARGET_NAME)";
				SWIFT_OBJC_BRIDGING_HEADER = "MovieApp-Bridging-Header.h";
				SWIFT_VERSION = 3.0;
				TARGETED_DEVICE_FAMILY = 1;
			};
			name = Release;
		};
		3AF7D3031ED96BF8001DF490 /* Debug */ = {
			isa = XCBuildConfiguration;
			baseConfigurationReference = 7023C1CCF277A657E764882B /* Pods-MovieAppTests.debug.xcconfig */;
			buildSettings = {
				ALWAYS_EMBED_SWIFT_STANDARD_LIBRARIES = YES;
				BUNDLE_LOADER = "$(TEST_HOST)";
				INFOPLIST_FILE = MovieAppTests/Info.plist;
				LD_RUNPATH_SEARCH_PATHS = "$(inherited) @executable_path/Frameworks @loader_path/Frameworks";
				PRODUCT_BUNDLE_IDENTIFIER = bac.MovieAppTests;
				PRODUCT_NAME = "$(TARGET_NAME)";
				SWIFT_VERSION = 3.0;
				TEST_HOST = "$(BUILT_PRODUCTS_DIR)/MovieApp.app/MovieApp";
			};
			name = Debug;
		};
		3AF7D3041ED96BF8001DF490 /* Release */ = {
			isa = XCBuildConfiguration;
			baseConfigurationReference = 109BF467720F6DA2F36B4233 /* Pods-MovieAppTests.release.xcconfig */;
			buildSettings = {
				ALWAYS_EMBED_SWIFT_STANDARD_LIBRARIES = YES;
				BUNDLE_LOADER = "$(TEST_HOST)";
				INFOPLIST_FILE = MovieAppTests/Info.plist;
				LD_RUNPATH_SEARCH_PATHS = "$(inherited) @executable_path/Frameworks @loader_path/Frameworks";
				PRODUCT_BUNDLE_IDENTIFIER = bac.MovieAppTests;
				PRODUCT_NAME = "$(TARGET_NAME)";
				SWIFT_VERSION = 3.0;
				TEST_HOST = "$(BUILT_PRODUCTS_DIR)/MovieApp.app/MovieApp";
			};
			name = Release;
		};
		3AF7D3061ED96BF8001DF490 /* Debug */ = {
			isa = XCBuildConfiguration;
			baseConfigurationReference = D6430472D4E13D69D03DCA10 /* Pods-MovieAppUITests.debug.xcconfig */;
			buildSettings = {
				ALWAYS_EMBED_SWIFT_STANDARD_LIBRARIES = YES;
				INFOPLIST_FILE = MovieAppUITests/Info.plist;
				LD_RUNPATH_SEARCH_PATHS = "$(inherited) @executable_path/Frameworks @loader_path/Frameworks";
				PRODUCT_BUNDLE_IDENTIFIER = bac.MovieAppUITests;
				PRODUCT_NAME = "$(TARGET_NAME)";
				SWIFT_VERSION = 3.0;
				TEST_TARGET_NAME = MovieApp;
			};
			name = Debug;
		};
		3AF7D3071ED96BF8001DF490 /* Release */ = {
			isa = XCBuildConfiguration;
			baseConfigurationReference = CBFE154A94C88944B717EA7E /* Pods-MovieAppUITests.release.xcconfig */;
			buildSettings = {
				ALWAYS_EMBED_SWIFT_STANDARD_LIBRARIES = YES;
				INFOPLIST_FILE = MovieAppUITests/Info.plist;
				LD_RUNPATH_SEARCH_PATHS = "$(inherited) @executable_path/Frameworks @loader_path/Frameworks";
				PRODUCT_BUNDLE_IDENTIFIER = bac.MovieAppUITests;
				PRODUCT_NAME = "$(TARGET_NAME)";
				SWIFT_VERSION = 3.0;
				TEST_TARGET_NAME = MovieApp;
			};
			name = Release;
		};
/* End XCBuildConfiguration section */

/* Begin XCConfigurationList section */
		3AF7D2CF1ED96BF8001DF490 /* Build configuration list for PBXProject "MovieApp-master" */ = {
			isa = XCConfigurationList;
			buildConfigurations = (
				3AF7D2FD1ED96BF8001DF490 /* Debug */,
				3AF7D2FE1ED96BF8001DF490 /* Release */,
			);
			defaultConfigurationIsVisible = 0;
			defaultConfigurationName = Release;
		};
		3AF7D2FF1ED96BF8001DF490 /* Build configuration list for PBXNativeTarget "MovieApp" */ = {
			isa = XCConfigurationList;
			buildConfigurations = (
				3AF7D3001ED96BF8001DF490 /* Debug */,
				3AF7D3011ED96BF8001DF490 /* Release */,
			);
			defaultConfigurationIsVisible = 0;
			defaultConfigurationName = Release;
		};
		3AF7D3021ED96BF8001DF490 /* Build configuration list for PBXNativeTarget "MovieAppTests" */ = {
			isa = XCConfigurationList;
			buildConfigurations = (
				3AF7D3031ED96BF8001DF490 /* Debug */,
				3AF7D3041ED96BF8001DF490 /* Release */,
			);
			defaultConfigurationIsVisible = 0;
			defaultConfigurationName = Release;
		};
		3AF7D3051ED96BF8001DF490 /* Build configuration list for PBXNativeTarget "MovieAppUITests" */ = {
			isa = XCConfigurationList;
			buildConfigurations = (
				3AF7D3061ED96BF8001DF490 /* Debug */,
				3AF7D3071ED96BF8001DF490 /* Release */,
			);
			defaultConfigurationIsVisible = 0;
			defaultConfigurationName = Release;
		};
/* End XCConfigurationList section */

/* Begin XCVersionGroup section */
		3AF7D2DE1ED96BF8001DF490 /* MovieApp.xcdatamodeld */ = {
			isa = XCVersionGroup;
			children = (
				3AF7D2DF1ED96BF8001DF490 /* MovieApp.xcdatamodel */,
			);
			currentVersion = 3AF7D2DF1ED96BF8001DF490 /* MovieApp.xcdatamodel */;
			path = MovieApp.xcdatamodeld;
			sourceTree = "<group>";
			versionGroupType = wrapper.xcdatamodel;
		};
/* End XCVersionGroup section */
	};
	rootObject = 3AF7D2CC1ED96BF8001DF490 /* Project object */;
}
